// !$*UTF8*$!
{
	archiveVersion = 1;
	classes = {
	};
	objectVersion = 55;
	objects = {

/* Begin PBXBuildFile section */
		697D334629D8130500C1E4EA /* Profile.swift in Sources */ = {isa = PBXBuildFile; fileRef = 697D334529D8130500C1E4EA /* Profile.swift */; };
		69C04BE829CC854400AFE6B8 /* BloodGroupApp.swift in Sources */ = {isa = PBXBuildFile; fileRef = 69C04BE729CC854400AFE6B8 /* BloodGroupApp.swift */; };
		69C04BEA29CC854400AFE6B8 /* ContentView.swift in Sources */ = {isa = PBXBuildFile; fileRef = 69C04BE929CC854400AFE6B8 /* ContentView.swift */; };
		69C04BEC29CC854900AFE6B8 /* Assets.xcassets in Resources */ = {isa = PBXBuildFile; fileRef = 69C04BEB29CC854900AFE6B8 /* Assets.xcassets */; };
		69C04BEF29CC854900AFE6B8 /* Preview Assets.xcassets in Resources */ = {isa = PBXBuildFile; fileRef = 69C04BEE29CC854900AFE6B8 /* Preview Assets.xcassets */; };
		69C04BF729D1D48D00AFE6B8 /* Unboarding.swift in Sources */ = {isa = PBXBuildFile; fileRef = 69C04BF629D1D48D00AFE6B8 /* Unboarding.swift */; };
		69C04BF929D1D4D100AFE6B8 /* BloodGroup.swift in Sources */ = {isa = PBXBuildFile; fileRef = 69C04BF829D1D4D100AFE6B8 /* BloodGroup.swift */; };
		69C04BFB29D1DE1400AFE6B8 /* Home.swift in Sources */ = {isa = PBXBuildFile; fileRef = 69C04BFA29D1DE1400AFE6B8 /* Home.swift */; };
/* End PBXBuildFile section */

/* Begin PBXFileReference section */
		697D334529D8130500C1E4EA /* Profile.swift */ = {isa = PBXFileReference; lastKnownFileType = sourcecode.swift; path = Profile.swift; sourceTree = "<group>"; };
		69C04BE429CC854400AFE6B8 /* BloodGroup.app */ = {isa = PBXFileReference; explicitFileType = wrapper.application; includeInIndex = 0; path = BloodGroup.app; sourceTree = BUILT_PRODUCTS_DIR; };
		69C04BE729CC854400AFE6B8 /* BloodGroupApp.swift */ = {isa = PBXFileReference; lastKnownFileType = sourcecode.swift; path = BloodGroupApp.swift; sourceTree = "<group>"; };
		69C04BE929CC854400AFE6B8 /* ContentView.swift */ = {isa = PBXFileReference; lastKnownFileType = sourcecode.swift; path = ContentView.swift; sourceTree = "<group>"; };
		69C04BEB29CC854900AFE6B8 /* Assets.xcassets */ = {isa = PBXFileReference; lastKnownFileType = folder.assetcatalog; path = Assets.xcassets; sourceTree = "<group>"; };
		69C04BEE29CC854900AFE6B8 /* Preview Assets.xcassets */ = {isa = PBXFileReference; lastKnownFileType = folder.assetcatalog; path = "Preview Assets.xcassets"; sourceTree = "<group>"; };
		69C04BF629D1D48D00AFE6B8 /* Unboarding.swift */ = {isa = PBXFileReference; lastKnownFileType = sourcecode.swift; path = Unboarding.swift; sourceTree = "<group>"; };
		69C04BF829D1D4D100AFE6B8 /* BloodGroup.swift */ = {isa = PBXFileReference; lastKnownFileType = sourcecode.swift; path = BloodGroup.swift; sourceTree = "<group>"; };
		69C04BFA29D1DE1400AFE6B8 /* Home.swift */ = {isa = PBXFileReference; lastKnownFileType = sourcecode.swift; path = Home.swift; sourceTree = "<group>"; };
/* End PBXFileReference section */

/* Begin PBXFrameworksBuildPhase section */
		69C04BE129CC854400AFE6B8 /* Frameworks */ = {
			isa = PBXFrameworksBuildPhase;
			buildActionMask = 2147483647;
			files = (
			);
			runOnlyForDeploymentPostprocessing = 0;
		};
/* End PBXFrameworksBuildPhase section */

/* Begin PBXGroup section */
		69C04BDB29CC854400AFE6B8 = {
			isa = PBXGroup;
			children = (
				69C04BE629CC854400AFE6B8 /* BloodGroup */,
				69C04BE529CC854400AFE6B8 /* Products */,
			);
			sourceTree = "<group>";
		};
		69C04BE529CC854400AFE6B8 /* Products */ = {
			isa = PBXGroup;
			children = (
				69C04BE429CC854400AFE6B8 /* BloodGroup.app */,
			);
			name = Products;
			sourceTree = "<group>";
		};
		69C04BE629CC854400AFE6B8 /* BloodGroup */ = {
			isa = PBXGroup;
			children = (
				69C04BF529D1D45C00AFE6B8 /* unboarding  */,
				69C04BE729CC854400AFE6B8 /* BloodGroupApp.swift */,
				69C04BE929CC854400AFE6B8 /* ContentView.swift */,
				69C04BEB29CC854900AFE6B8 /* Assets.xcassets */,
				69C04BED29CC854900AFE6B8 /* Preview Content */,
				69C04BFA29D1DE1400AFE6B8 /* Home.swift */,
			);
			path = BloodGroup;
			sourceTree = "<group>";
		};
		69C04BED29CC854900AFE6B8 /* Preview Content */ = {
			isa = PBXGroup;
			children = (
				69C04BEE29CC854900AFE6B8 /* Preview Assets.xcassets */,
			);
			path = "Preview Content";
			sourceTree = "<group>";
		};
		69C04BF529D1D45C00AFE6B8 /* unboarding  */ = {
			isa = PBXGroup;
			children = (
				69C04BF629D1D48D00AFE6B8 /* Unboarding.swift */,
				69C04BF829D1D4D100AFE6B8 /* BloodGroup.swift */,
				697D334529D8130500C1E4EA /* Profile.swift */,
			);
			path = "unboarding ";
			sourceTree = "<group>";
		};
/* End PBXGroup section */

/* Begin PBXNativeTarget section */
		69C04BE329CC854400AFE6B8 /* BloodGroup */ = {
			isa = PBXNativeTarget;
			buildConfigurationList = 69C04BF229CC854900AFE6B8 /* Build configuration list for PBXNativeTarget "BloodGroup" */;
			buildPhases = (
				69C04BE029CC854400AFE6B8 /* Sources */,
				69C04BE129CC854400AFE6B8 /* Frameworks */,
				69C04BE229CC854400AFE6B8 /* Resources */,
			);
			buildRules = (
			);
			dependencies = (
			);
			name = BloodGroup;
			productName = BloodGroup;
			productReference = 69C04BE429CC854400AFE6B8 /* BloodGroup.app */;
			productType = "com.apple.product-type.application";
		};
/* End PBXNativeTarget section */

/* Begin PBXProject section */
		69C04BDC29CC854400AFE6B8 /* Project object */ = {
			isa = PBXProject;
			attributes = {
				BuildIndependentTargetsInParallel = 1;
				LastSwiftUpdateCheck = 1310;
				LastUpgradeCheck = 1310;
				TargetAttributes = {
					69C04BE329CC854400AFE6B8 = {
						CreatedOnToolsVersion = 13.1;
					};
				};
			};
			buildConfigurationList = 69C04BDF29CC854400AFE6B8 /* Build configuration list for PBXProject "BloodGroup" */;
			compatibilityVersion = "Xcode 13.0";
			developmentRegion = en;
			hasScannedForEncodings = 0;
			knownRegions = (
				en,
				Base,
			);
			mainGroup = 69C04BDB29CC854400AFE6B8;
			productRefGroup = 69C04BE529CC854400AFE6B8 /* Products */;
			projectDirPath = "";
			projectRoot = "";
			targets = (
				69C04BE329CC854400AFE6B8 /* BloodGroup */,
			);
		};
/* End PBXProject section */

/* Begin PBXResourcesBuildPhase section */
		69C04BE229CC854400AFE6B8 /* Resources */ = {
			isa = PBXResourcesBuildPhase;
			buildActionMask = 2147483647;
			files = (
				69C04BEF29CC854900AFE6B8 /* Preview Assets.xcassets in Resources */,
				69C04BEC29CC854900AFE6B8 /* Assets.xcassets in Resources */,
			);
			runOnlyForDeploymentPostprocessing = 0;
		};
/* End PBXResourcesBuildPhase section */

/* Begin PBXSourcesBuildPhase section */
		69C04BE029CC854400AFE6B8 /* Sources */ = {
			isa = PBXSourcesBuildPhase;
			buildActionMask = 2147483647;
			files = (
				69C04BEA29CC854400AFE6B8 /* ContentView.swift in Sources */,
				697D334629D8130500C1E4EA /* Profile.swift in Sources */,
				69C04BF929D1D4D100AFE6B8 /* BloodGroup.swift in Sources */,
				69C04BFB29D1DE1400AFE6B8 /* Home.swift in Sources */,
				69C04BE829CC854400AFE6B8 /* BloodGroupApp.swift in Sources */,
				69C04BF729D1D48D00AFE6B8 /* Unboarding.swift in Sources */,
			);
			runOnlyForDeploymentPostprocessing = 0;
		};
/* End PBXSourcesBuildPhase section */

/* Begin XCBuildConfiguration section */
		69C04BF029CC854900AFE6B8 /* Debug */ = {
			isa = XCBuildConfiguration;
			buildSettings = {
				ALWAYS_SEARCH_USER_PATHS = NO;
				CLANG_ANALYZER_NONNULL = YES;
				CLANG_ANALYZER_NUMBER_OBJECT_CONVERSION = YES_AGGRESSIVE;
				CLANG_CXX_LANGUAGE_STANDARD = "gnu++17";
				CLANG_CXX_LIBRARY = "libc++";
				CLANG_ENABLE_MODULES = YES;
				CLANG_ENABLE_OBJC_ARC = YES;
				CLANG_ENABLE_OBJC_WEAK = YES;
				CLANG_WARN_BLOCK_CAPTURE_AUTORELEASING = YES;
				CLANG_WARN_BOOL_CONVERSION = YES;
				CLANG_WARN_COMMA = YES;
				CLANG_WARN_CONSTANT_CONVERSION = YES;
				CLANG_WARN_DEPRECATED_OBJC_IMPLEMENTATIONS = YES;
				CLANG_WARN_DIRECT_OBJC_ISA_USAGE = YES_ERROR;
				CLANG_WARN_DOCUMENTATION_COMMENTS = YES;
				CLANG_WARN_EMPTY_BODY = YES;
				CLANG_WARN_ENUM_CONVERSION = YES;
				CLANG_WARN_INFINITE_RECURSION = YES;
				CLANG_WARN_INT_CONVERSION = YES;
				CLANG_WARN_NON_LITERAL_NULL_CONVERSION = YES;
				CLANG_WARN_OBJC_IMPLICIT_RETAIN_SELF = YES;
				CLANG_WARN_OBJC_LITERAL_CONVERSION = YES;
				CLANG_WARN_OBJC_ROOT_CLASS = YES_ERROR;
				CLANG_WARN_QUOTED_INCLUDE_IN_FRAMEWORK_HEADER = YES;
				CLANG_WARN_RANGE_LOOP_ANALYSIS = YES;
				CLANG_WARN_STRICT_PROTOTYPES = YES;
				CLANG_WARN_SUSPICIOUS_MOVE = YES;
				CLANG_WARN_UNGUARDED_AVAILABILITY = YES_AGGRESSIVE;
				CLANG_WARN_UNREACHABLE_CODE = YES;
				CLANG_WARN__DUPLICATE_METHOD_MATCH = YES;
				COPY_PHASE_STRIP = NO;
				DEBUG_INFORMATION_FORMAT = dwarf;
				ENABLE_STRICT_OBJC_MSGSEND = YES;
				ENABLE_TESTABILITY = YES;
				GCC_C_LANGUAGE_STANDARD = gnu11;
				GCC_DYNAMIC_NO_PIC = NO;
				GCC_NO_COMMON_BLOCKS = YES;
				GCC_OPTIMIZATION_LEVEL = 0;
				GCC_PREPROCESSOR_DEFINITIONS = (
					"DEBUG=1",
					"$(inherited)",
				);
				GCC_WARN_64_TO_32_BIT_CONVERSION = YES;
				GCC_WARN_ABOUT_RETURN_TYPE = YES_ERROR;
				GCC_WARN_UNDECLARED_SELECTOR = YES;
				GCC_WARN_UNINITIALIZED_AUTOS = YES_AGGRESSIVE;
				GCC_WARN_UNUSED_FUNCTION = YES;
				GCC_WARN_UNUSED_VARIABLE = YES;
				IPHONEOS_DEPLOYMENT_TARGET = 15.0;
				MTL_ENABLE_DEBUG_INFO = INCLUDE_SOURCE;
				MTL_FAST_MATH = YES;
				ONLY_ACTIVE_ARCH = YES;
				SDKROOT = iphoneos;
				SWIFT_ACTIVE_COMPILATION_CONDITIONS = DEBUG;
				SWIFT_OPTIMIZATION_LEVEL = "-Onone";
			};
			name = Debug;
		};
		69C04BF129CC854900AFE6B8 /* Release */ = {
			isa = XCBuildConfiguration;
			buildSettings = {
				ALWAYS_SEARCH_USER_PATHS = NO;
				CLANG_ANALYZER_NONNULL = YES;
				CLANG_ANALYZER_NUMBER_OBJECT_CONVERSION = YES_AGGRESSIVE;
				CLANG_CXX_LANGUAGE_STANDARD = "gnu++17";
				CLANG_CXX_LIBRARY = "libc++";
				CLANG_ENABLE_MODULES = YES;
				CLANG_ENABLE_OBJC_ARC = YES;
				CLANG_ENABLE_OBJC_WEAK = YES;
				CLANG_WARN_BLOCK_CAPTURE_AUTORELEASING = YES;
				CLANG_WARN_BOOL_CONVERSION = YES;
				CLANG_WARN_COMMA = YES;
				CLANG_WARN_CONSTANT_CONVERSION = YES;
				CLANG_WARN_DEPRECATED_OBJC_IMPLEMENTATIONS = YES;
				CLANG_WARN_DIRECT_OBJC_ISA_USAGE = YES_ERROR;
				CLANG_WARN_DOCUMENTATION_COMMENTS = YES;
				CLANG_WARN_EMPTY_BODY = YES;
				CLANG_WARN_ENUM_CONVERSION = YES;
				CLANG_WARN_INFINITE_RECURSION = YES;
				CLANG_WARN_INT_CONVERSION = YES;
				CLANG_WARN_NON_LITERAL_NULL_CONVERSION = YES;
				CLANG_WARN_OBJC_IMPLICIT_RETAIN_SELF = YES;
				CLANG_WARN_OBJC_LITERAL_CONVERSION = YES;
				CLANG_WARN_OBJC_ROOT_CLASS = YES_ERROR;
				CLANG_WARN_QUOTED_INCLUDE_IN_FRAMEWORK_HEADER = YES;
				CLANG_WARN_RANGE_LOOP_ANALYSIS = YES;
				CLANG_WARN_STRICT_PROTOTYPES = YES;
				CLANG_WARN_SUSPICIOUS_MOVE = YES;
				CLANG_WARN_UNGUARDED_AVAILABILITY = YES_AGGRESSIVE;
				CLANG_WARN_UNREACHABLE_CODE = YES;
				CLANG_WARN__DUPLICATE_METHOD_MATCH = YES;
				COPY_PHASE_STRIP = NO;
				DEBUG_INFORMATION_FORMAT = "dwarf-with-dsym";
				ENABLE_NS_ASSERTIONS = NO;
				ENABLE_STRICT_OBJC_MSGSEND = YES;
				GCC_C_LANGUAGE_STANDARD = gnu11;
				GCC_NO_COMMON_BLOCKS = YES;
				GCC_WARN_64_TO_32_BIT_CONVERSION = YES;
				GCC_WARN_ABOUT_RETURN_TYPE = YES_ERROR;
				GCC_WARN_UNDECLARED_SELECTOR = YES;
				GCC_WARN_UNINITIALIZED_AUTOS = YES_AGGRESSIVE;
				GCC_WARN_UNUSED_FUNCTION = YES;
				GCC_WARN_UNUSED_VARIABLE = YES;
				IPHONEOS_DEPLOYMENT_TARGET = 15.0;
				MTL_ENABLE_DEBUG_INFO = NO;
				MTL_FAST_MATH = YES;
				SDKROOT = iphoneos;
				SWIFT_COMPILATION_MODE = wholemodule;
				SWIFT_OPTIMIZATION_LEVEL = "-O";
				VALIDATE_PRODUCT = YES;
			};
			name = Release;
		};
		69C04BF329CC854900AFE6B8 /* Debug */ = {
			isa = XCBuildConfiguration;
			buildSettings = {
				ASSETCATALOG_COMPILER_APPICON_NAME = AppIcon;
				ASSETCATALOG_COMPILER_GLOBAL_ACCENT_COLOR_NAME = AccentColor;
				CODE_SIGN_STYLE = Automatic;
				CURRENT_PROJECT_VERSION = 1;
				DEVELOPMENT_ASSET_PATHS = "\"BloodGroup/Preview Content\"";
				DEVELOPMENT_TEAM = R5MP3X9JA2;
				ENABLE_PREVIEWS = YES;
				GENERATE_INFOPLIST_FILE = YES;
				INFOPLIST_KEY_UIApplicationSceneManifest_Generation = YES;
				INFOPLIST_KEY_UIApplicationSupportsIndirectInputEvents = YES;
				INFOPLIST_KEY_UILaunchScreen_Generation = YES;
				INFOPLIST_KEY_UISupportedInterfaceOrientations_iPad = "UIInterfaceOrientationPortrait UIInterfaceOrientationPortraitUpsideDown UIInterfaceOrientationLandscapeLeft UIInterfaceOrientationLandscapeRight";
				INFOPLIST_KEY_UISupportedInterfaceOrientations_iPhone = "UIInterfaceOrientationPortrait UIInterfaceOrientationLandscapeLeft UIInterfaceOrientationLandscapeRight";
				LD_RUNPATH_SEARCH_PATHS = (
					"$(inherited)",
					"@executable_path/Frameworks",
				);
				MARKETING_VERSION = 1.0;
				PRODUCT_BUNDLE_IDENTIFIER = dev.azamahjr.BloodGroup;
				PRODUCT_NAME = "$(TARGET_NAME)";
				SWIFT_EMIT_LOC_STRINGS = YES;
				SWIFT_VERSION = 5.0;
				TARGETED_DEVICE_FAMILY = "1,2";
			};
			name = Debug;
		};
		69C04BF429CC854900AFE6B8 /* Release */ = {
			isa = XCBuildConfiguration;
			buildSettings = {
				ASSETCATALOG_COMPILER_APPICON_NAME = AppIcon;
				ASSETCATALOG_COMPILER_GLOBAL_ACCENT_COLOR_NAME = AccentColor;
				CODE_SIGN_STYLE = Automatic;
				CURRENT_PROJECT_VERSION = 1;
				DEVELOPMENT_ASSET_PATHS = "\"BloodGroup/Preview Content\"";
				DEVELOPMENT_TEAM = R5MP3X9JA2;
				ENABLE_PREVIEWS = YES;
				GENERATE_INFOPLIST_FILE = YES;
				INFOPLIST_KEY_UIApplicationSceneManifest_Generation = YES;
				INFOPLIST_KEY_UIApplicationSupportsIndirectInputEvents = YES;
				INFOPLIST_KEY_UILaunchScreen_Generation = YES;
				INFOPLIST_KEY_UISupportedInterfaceOrientations_iPad = "UIInterfaceOrientationPortrait UIInterfaceOrientationPortraitUpsideDown UIInterfaceOrientationLandscapeLeft UIInterfaceOrientationLandscapeRight";
				INFOPLIST_KEY_UISupportedInterfaceOrientations_iPhone = "UIInterfaceOrientationPortrait UIInterfaceOrientationLandscapeLeft UIInterfaceOrientationLandscapeRight";
				LD_RUNPATH_SEARCH_PATHS = (
					"$(inherited)",
					"@executable_path/Frameworks",
				);
				MARKETING_VERSION = 1.0;
				PRODUCT_BUNDLE_IDENTIFIER = dev.azamahjr.BloodGroup;
				PRODUCT_NAME = "$(TARGET_NAME)";
				SWIFT_EMIT_LOC_STRINGS = YES;
				SWIFT_VERSION = 5.0;
				TARGETED_DEVICE_FAMILY = "1,2";
			};
			name = Release;
		};
/* End XCBuildConfiguration section */

/* Begin XCConfigurationList section */
		69C04BDF29CC854400AFE6B8 /* Build configuration list for PBXProject "BloodGroup" */ = {
			isa = XCConfigurationList;
			buildConfigurations = (
				69C04BF029CC854900AFE6B8 /* Debug */,
				69C04BF129CC854900AFE6B8 /* Release */,
			);
			defaultConfigurationIsVisible = 0;
			defaultConfigurationName = Release;
		};
		69C04BF229CC854900AFE6B8 /* Build configuration list for PBXNativeTarget "BloodGroup" */ = {
			isa = XCConfigurationList;
			buildConfigurations = (
				69C04BF329CC854900AFE6B8 /* Debug */,
				69C04BF429CC854900AFE6B8 /* Release */,
			);
			defaultConfigurationIsVisible = 0;
			defaultConfigurationName = Release;
		};
/* End XCConfigurationList section */
	};
	rootObject = 69C04BDC29CC854400AFE6B8 /* Project object */;
}
